// !$*UTF8*$!
{
	archiveVersion = 1;
	classes = {
	};
	objectVersion = 46;
	objects = {

/* Begin PBXBuildFile section */
		3710AC2F1CBDB5B00003DB0E /* LightweightTimeZoneTests.swift in Sources */ = {isa = PBXBuildFile; fileRef = 3710AC2E1CBDB5B00003DB0E /* LightweightTimeZoneTests.swift */; };
		3710AC371CBDB95A0003DB0E /* NotificationCenter.framework in Frameworks */ = {isa = PBXBuildFile; fileRef = 3710AC361CBDB95A0003DB0E /* NotificationCenter.framework */; };
		3710AC3C1CBDB95A0003DB0E /* TodayViewController.swift in Sources */ = {isa = PBXBuildFile; fileRef = 3710AC3B1CBDB95A0003DB0E /* TodayViewController.swift */; };
		3710AC3F1CBDB95A0003DB0E /* TodayViewController.xib in Resources */ = {isa = PBXBuildFile; fileRef = 3710AC3D1CBDB95A0003DB0E /* TodayViewController.xib */; };
		3710AC431CBDB95A0003DB0E /* InfoPlist.strings in Resources */ = {isa = PBXBuildFile; fileRef = 3710AC411CBDB95A0003DB0E /* InfoPlist.strings */; };
		3710AC461CBDB95A0003DB0E /* Time Buddy Today Extension.appex in Embed App Extensions */ = {isa = PBXBuildFile; fileRef = 3710AC341CBDB95A0003DB0E /* Time Buddy Today Extension.appex */; settings = {ATTRIBUTES = (RemoveHeadersOnCopy, ); }; };
		3710AC4F1CBDBD680003DB0E /* TimeZoneCollectionViewItem.swift in Sources */ = {isa = PBXBuildFile; fileRef = 3710AC4D1CBDBD680003DB0E /* TimeZoneCollectionViewItem.swift */; };
		3710AC501CBDBD680003DB0E /* TimeZoneCollectionViewItem.xib in Resources */ = {isa = PBXBuildFile; fileRef = 3710AC4E1CBDBD680003DB0E /* TimeZoneCollectionViewItem.xib */; };
		3742567F1CBC0F65009AD8F3 /* InMemoryDataControllerTests.swift in Sources */ = {isa = PBXBuildFile; fileRef = 3742567E1CBC0F65009AD8F3 /* InMemoryDataControllerTests.swift */; };
		37CF620A1CC3A865009827D1 /* TimeZoneCollectionViewItemView.swift in Sources */ = {isa = PBXBuildFile; fileRef = 37CF62091CC3A865009827D1 /* TimeZoneCollectionViewItemView.swift */; };
		37CF620C1CC3C433009827D1 /* TodayDataSource.swift in Sources */ = {isa = PBXBuildFile; fileRef = 37CF620B1CC3C433009827D1 /* TodayDataSource.swift */; };
		37CF620E1CC3C55F009827D1 /* ColumnBasedFlowLayout.swift in Sources */ = {isa = PBXBuildFile; fileRef = 37CF620D1CC3C55F009827D1 /* ColumnBasedFlowLayout.swift */; };
		37CF620F1CC3C78A009827D1 /* TimeBuddyKit.framework in Frameworks */ = {isa = PBXBuildFile; fileRef = 37FF9FD91CBBFFA7002A60C7 /* TimeBuddyKit.framework */; };
		37CF62121CC3F133009827D1 /* tz.json in Resources */ = {isa = PBXBuildFile; fileRef = 37CF62111CC3F133009827D1 /* tz.json */; };
		37FF9FB31CBBBB10002A60C7 /* AppDelegate.swift in Sources */ = {isa = PBXBuildFile; fileRef = 37FF9FB21CBBBB10002A60C7 /* AppDelegate.swift */; };
		37FF9FB51CBBBB10002A60C7 /* ViewController.swift in Sources */ = {isa = PBXBuildFile; fileRef = 37FF9FB41CBBBB10002A60C7 /* ViewController.swift */; };
		37FF9FB81CBBBB10002A60C7 /* Time_Buddy.xcdatamodeld in Sources */ = {isa = PBXBuildFile; fileRef = 37FF9FB61CBBBB10002A60C7 /* Time_Buddy.xcdatamodeld */; };
		37FF9FBA1CBBBB10002A60C7 /* Assets.xcassets in Resources */ = {isa = PBXBuildFile; fileRef = 37FF9FB91CBBBB10002A60C7 /* Assets.xcassets */; };
		37FF9FBD1CBBBB10002A60C7 /* Main.storyboard in Resources */ = {isa = PBXBuildFile; fileRef = 37FF9FBB1CBBBB10002A60C7 /* Main.storyboard */; };
		37FF9FC81CBBBB10002A60C7 /* Time_BuddyTests.swift in Sources */ = {isa = PBXBuildFile; fileRef = 37FF9FC71CBBBB10002A60C7 /* Time_BuddyTests.swift */; };
		37FF9FDC1CBBFFA7002A60C7 /* TimeBuddyKit.h in Headers */ = {isa = PBXBuildFile; fileRef = 37FF9FDB1CBBFFA7002A60C7 /* TimeBuddyKit.h */; settings = {ATTRIBUTES = (Public, ); }; };
		37FF9FE31CBBFFA7002A60C7 /* TimeBuddyKit.framework in Frameworks */ = {isa = PBXBuildFile; fileRef = 37FF9FD91CBBFFA7002A60C7 /* TimeBuddyKit.framework */; };
		37FF9FEE1CBBFFA7002A60C7 /* TimeBuddyKit.framework in Frameworks */ = {isa = PBXBuildFile; fileRef = 37FF9FD91CBBFFA7002A60C7 /* TimeBuddyKit.framework */; };
		37FF9FEF1CBBFFA7002A60C7 /* TimeBuddyKit.framework in Embed Frameworks */ = {isa = PBXBuildFile; fileRef = 37FF9FD91CBBFFA7002A60C7 /* TimeBuddyKit.framework */; settings = {ATTRIBUTES = (CodeSignOnCopy, RemoveHeadersOnCopy, ); }; };
		37FF9FF81CBBFFB7002A60C7 /* DataController.swift in Sources */ = {isa = PBXBuildFile; fileRef = 37FF9FF71CBBFFB7002A60C7 /* DataController.swift */; };
		37FF9FFA1CBC0282002A60C7 /* InMemoryDataController.swift in Sources */ = {isa = PBXBuildFile; fileRef = 37FF9FF91CBC0282002A60C7 /* InMemoryDataController.swift */; };
		37FF9FFC1CBC0291002A60C7 /* TimeZoneEntry.swift in Sources */ = {isa = PBXBuildFile; fileRef = 37FF9FFB1CBC0291002A60C7 /* TimeZoneEntry.swift */; };
/* End PBXBuildFile section */

/* Begin PBXContainerItemProxy section */
		3710AC441CBDB95A0003DB0E /* PBXContainerItemProxy */ = {
			isa = PBXContainerItemProxy;
			containerPortal = 37FF9FA71CBBBB0F002A60C7 /* Project object */;
			proxyType = 1;
			remoteGlobalIDString = 3710AC331CBDB95A0003DB0E;
			remoteInfo = "Time Buddy Today Extension";
		};
		37FF9FC41CBBBB10002A60C7 /* PBXContainerItemProxy */ = {
			isa = PBXContainerItemProxy;
			containerPortal = 37FF9FA71CBBBB0F002A60C7 /* Project object */;
			proxyType = 1;
			remoteGlobalIDString = 37FF9FAE1CBBBB10002A60C7;
			remoteInfo = "Time Buddy";
		};
		37FF9FE41CBBFFA7002A60C7 /* PBXContainerItemProxy */ = {
			isa = PBXContainerItemProxy;
			containerPortal = 37FF9FA71CBBBB0F002A60C7 /* Project object */;
			proxyType = 1;
			remoteGlobalIDString = 37FF9FD81CBBFFA7002A60C7;
			remoteInfo = TimeBuddyKit;
		};
		37FF9FE61CBBFFA7002A60C7 /* PBXContainerItemProxy */ = {
			isa = PBXContainerItemProxy;
			containerPortal = 37FF9FA71CBBBB0F002A60C7 /* Project object */;
			proxyType = 1;
			remoteGlobalIDString = 37FF9FAE1CBBBB10002A60C7;
			remoteInfo = "Time Buddy";
		};
		37FF9FEC1CBBFFA7002A60C7 /* PBXContainerItemProxy */ = {
			isa = PBXContainerItemProxy;
			containerPortal = 37FF9FA71CBBBB0F002A60C7 /* Project object */;
			proxyType = 1;
			remoteGlobalIDString = 37FF9FD81CBBFFA7002A60C7;
			remoteInfo = TimeBuddyKit;
		};
/* End PBXContainerItemProxy section */

/* Begin PBXCopyFilesBuildPhase section */
		3710AC4A1CBDB95A0003DB0E /* Embed App Extensions */ = {
			isa = PBXCopyFilesBuildPhase;
			buildActionMask = 2147483647;
			dstPath = "";
			dstSubfolderSpec = 13;
			files = (
				3710AC461CBDB95A0003DB0E /* Time Buddy Today Extension.appex in Embed App Extensions */,
			);
			name = "Embed App Extensions";
			runOnlyForDeploymentPostprocessing = 0;
		};
		37FF9FF31CBBFFA7002A60C7 /* Embed Frameworks */ = {
			isa = PBXCopyFilesBuildPhase;
			buildActionMask = 2147483647;
			dstPath = "";
			dstSubfolderSpec = 10;
			files = (
				37FF9FEF1CBBFFA7002A60C7 /* TimeBuddyKit.framework in Embed Frameworks */,
			);
			name = "Embed Frameworks";
			runOnlyForDeploymentPostprocessing = 0;
		};
/* End PBXCopyFilesBuildPhase section */

/* Begin PBXFileReference section */
		3710AC2E1CBDB5B00003DB0E /* LightweightTimeZoneTests.swift */ = {isa = PBXFileReference; fileEncoding = 4; lastKnownFileType = sourcecode.swift; path = LightweightTimeZoneTests.swift; sourceTree = "<group>"; };
		3710AC341CBDB95A0003DB0E /* Time Buddy Today Extension.appex */ = {isa = PBXFileReference; explicitFileType = "wrapper.app-extension"; includeInIndex = 0; path = "Time Buddy Today Extension.appex"; sourceTree = BUILT_PRODUCTS_DIR; };
		3710AC361CBDB95A0003DB0E /* NotificationCenter.framework */ = {isa = PBXFileReference; lastKnownFileType = wrapper.framework; name = NotificationCenter.framework; path = System/Library/Frameworks/NotificationCenter.framework; sourceTree = SDKROOT; };
		3710AC3A1CBDB95A0003DB0E /* Time_Buddy_Today_Extension.entitlements */ = {isa = PBXFileReference; lastKnownFileType = text.xml; path = Time_Buddy_Today_Extension.entitlements; sourceTree = "<group>"; };
		3710AC3B1CBDB95A0003DB0E /* TodayViewController.swift */ = {isa = PBXFileReference; lastKnownFileType = sourcecode.swift; path = TodayViewController.swift; sourceTree = "<group>"; };
		3710AC3E1CBDB95A0003DB0E /* Base */ = {isa = PBXFileReference; lastKnownFileType = file.xib; name = Base; path = Base.lproj/TodayViewController.xib; sourceTree = "<group>"; };
		3710AC401CBDB95A0003DB0E /* Info.plist */ = {isa = PBXFileReference; lastKnownFileType = text.plist.xml; path = Info.plist; sourceTree = "<group>"; };
		3710AC421CBDB95A0003DB0E /* en */ = {isa = PBXFileReference; lastKnownFileType = text.plist.strings; name = en; path = en.lproj/InfoPlist.strings; sourceTree = "<group>"; };
		3710AC4D1CBDBD680003DB0E /* TimeZoneCollectionViewItem.swift */ = {isa = PBXFileReference; fileEncoding = 4; lastKnownFileType = sourcecode.swift; path = TimeZoneCollectionViewItem.swift; sourceTree = "<group>"; };
		3710AC4E1CBDBD680003DB0E /* TimeZoneCollectionViewItem.xib */ = {isa = PBXFileReference; fileEncoding = 4; lastKnownFileType = file.xib; path = TimeZoneCollectionViewItem.xib; sourceTree = "<group>"; };
		3742567E1CBC0F65009AD8F3 /* InMemoryDataControllerTests.swift */ = {isa = PBXFileReference; fileEncoding = 4; lastKnownFileType = sourcecode.swift; path = InMemoryDataControllerTests.swift; sourceTree = "<group>"; };
		37CF62091CC3A865009827D1 /* TimeZoneCollectionViewItemView.swift */ = {isa = PBXFileReference; fileEncoding = 4; lastKnownFileType = sourcecode.swift; path = TimeZoneCollectionViewItemView.swift; sourceTree = "<group>"; };
		37CF620B1CC3C433009827D1 /* TodayDataSource.swift */ = {isa = PBXFileReference; fileEncoding = 4; lastKnownFileType = sourcecode.swift; path = TodayDataSource.swift; sourceTree = "<group>"; };
		37CF620D1CC3C55F009827D1 /* ColumnBasedFlowLayout.swift */ = {isa = PBXFileReference; fileEncoding = 4; lastKnownFileType = sourcecode.swift; path = ColumnBasedFlowLayout.swift; sourceTree = "<group>"; };
		37CF62101CC3D003009827D1 /* Time Buddy.entitlements */ = {isa = PBXFileReference; lastKnownFileType = text.xml; path = "Time Buddy.entitlements"; sourceTree = "<group>"; };
		37CF62111CC3F133009827D1 /* tz.json */ = {isa = PBXFileReference; fileEncoding = 4; lastKnownFileType = text.json; path = tz.json; sourceTree = "<group>"; };
		37FF9FAF1CBBBB10002A60C7 /* Time Buddy.app */ = {isa = PBXFileReference; explicitFileType = wrapper.application; includeInIndex = 0; path = "Time Buddy.app"; sourceTree = BUILT_PRODUCTS_DIR; };
		37FF9FB21CBBBB10002A60C7 /* AppDelegate.swift */ = {isa = PBXFileReference; lastKnownFileType = sourcecode.swift; path = AppDelegate.swift; sourceTree = "<group>"; };
		37FF9FB41CBBBB10002A60C7 /* ViewController.swift */ = {isa = PBXFileReference; lastKnownFileType = sourcecode.swift; path = ViewController.swift; sourceTree = "<group>"; };
		37FF9FB71CBBBB10002A60C7 /* Time_Buddy.xcdatamodel */ = {isa = PBXFileReference; lastKnownFileType = wrapper.xcdatamodel; path = Time_Buddy.xcdatamodel; sourceTree = "<group>"; };
		37FF9FB91CBBBB10002A60C7 /* Assets.xcassets */ = {isa = PBXFileReference; lastKnownFileType = folder.assetcatalog; path = Assets.xcassets; sourceTree = "<group>"; };
		37FF9FBC1CBBBB10002A60C7 /* Base */ = {isa = PBXFileReference; lastKnownFileType = file.storyboard; name = Base; path = Base.lproj/Main.storyboard; sourceTree = "<group>"; };
		37FF9FBE1CBBBB10002A60C7 /* Info.plist */ = {isa = PBXFileReference; lastKnownFileType = text.plist.xml; path = Info.plist; sourceTree = "<group>"; };
		37FF9FC31CBBBB10002A60C7 /* Time BuddyTests.xctest */ = {isa = PBXFileReference; explicitFileType = wrapper.cfbundle; includeInIndex = 0; path = "Time BuddyTests.xctest"; sourceTree = BUILT_PRODUCTS_DIR; };
		37FF9FC71CBBBB10002A60C7 /* Time_BuddyTests.swift */ = {isa = PBXFileReference; lastKnownFileType = sourcecode.swift; path = Time_BuddyTests.swift; sourceTree = "<group>"; };
		37FF9FC91CBBBB10002A60C7 /* Info.plist */ = {isa = PBXFileReference; lastKnownFileType = text.plist.xml; path = Info.plist; sourceTree = "<group>"; };
		37FF9FD91CBBFFA7002A60C7 /* TimeBuddyKit.framework */ = {isa = PBXFileReference; explicitFileType = wrapper.framework; includeInIndex = 0; path = TimeBuddyKit.framework; sourceTree = BUILT_PRODUCTS_DIR; };
		37FF9FDB1CBBFFA7002A60C7 /* TimeBuddyKit.h */ = {isa = PBXFileReference; lastKnownFileType = sourcecode.c.h; path = TimeBuddyKit.h; sourceTree = "<group>"; };
		37FF9FDD1CBBFFA7002A60C7 /* Info.plist */ = {isa = PBXFileReference; lastKnownFileType = text.plist.xml; path = Info.plist; sourceTree = "<group>"; };
		37FF9FE21CBBFFA7002A60C7 /* TimeBuddyKitTests.xctest */ = {isa = PBXFileReference; explicitFileType = wrapper.cfbundle; includeInIndex = 0; path = TimeBuddyKitTests.xctest; sourceTree = BUILT_PRODUCTS_DIR; };
		37FF9FEB1CBBFFA7002A60C7 /* Info.plist */ = {isa = PBXFileReference; lastKnownFileType = text.plist.xml; path = Info.plist; sourceTree = "<group>"; };
		37FF9FF71CBBFFB7002A60C7 /* DataController.swift */ = {isa = PBXFileReference; fileEncoding = 4; lastKnownFileType = sourcecode.swift; path = DataController.swift; sourceTree = "<group>"; };
		37FF9FF91CBC0282002A60C7 /* InMemoryDataController.swift */ = {isa = PBXFileReference; fileEncoding = 4; lastKnownFileType = sourcecode.swift; path = InMemoryDataController.swift; sourceTree = "<group>"; };
		37FF9FFB1CBC0291002A60C7 /* TimeZoneEntry.swift */ = {isa = PBXFileReference; fileEncoding = 4; lastKnownFileType = sourcecode.swift; path = TimeZoneEntry.swift; sourceTree = "<group>"; };
/* End PBXFileReference section */

/* Begin PBXFrameworksBuildPhase section */
		3710AC311CBDB95A0003DB0E /* Frameworks */ = {
			isa = PBXFrameworksBuildPhase;
			buildActionMask = 2147483647;
			files = (
				37CF620F1CC3C78A009827D1 /* TimeBuddyKit.framework in Frameworks */,
				3710AC371CBDB95A0003DB0E /* NotificationCenter.framework in Frameworks */,
			);
			runOnlyForDeploymentPostprocessing = 0;
		};
		37FF9FAC1CBBBB10002A60C7 /* Frameworks */ = {
			isa = PBXFrameworksBuildPhase;
			buildActionMask = 2147483647;
			files = (
				37FF9FEE1CBBFFA7002A60C7 /* TimeBuddyKit.framework in Frameworks */,
			);
			runOnlyForDeploymentPostprocessing = 0;
		};
		37FF9FC01CBBBB10002A60C7 /* Frameworks */ = {
			isa = PBXFrameworksBuildPhase;
			buildActionMask = 2147483647;
			files = (
			);
			runOnlyForDeploymentPostprocessing = 0;
		};
		37FF9FD51CBBFFA7002A60C7 /* Frameworks */ = {
			isa = PBXFrameworksBuildPhase;
			buildActionMask = 2147483647;
			files = (
			);
			runOnlyForDeploymentPostprocessing = 0;
		};
		37FF9FDF1CBBFFA7002A60C7 /* Frameworks */ = {
			isa = PBXFrameworksBuildPhase;
			buildActionMask = 2147483647;
			files = (
				37FF9FE31CBBFFA7002A60C7 /* TimeBuddyKit.framework in Frameworks */,
			);
			runOnlyForDeploymentPostprocessing = 0;
		};
/* End PBXFrameworksBuildPhase section */

/* Begin PBXGroup section */
		3710AC351CBDB95A0003DB0E /* Frameworks */ = {
			isa = PBXGroup;
			children = (
				3710AC361CBDB95A0003DB0E /* NotificationCenter.framework */,
			);
			name = Frameworks;
			sourceTree = "<group>";
		};
		3710AC381CBDB95A0003DB0E /* Time Buddy Today Extension */ = {
			isa = PBXGroup;
			children = (
				3710AC3B1CBDB95A0003DB0E /* TodayViewController.swift */,
				37CF620B1CC3C433009827D1 /* TodayDataSource.swift */,
				37CF620D1CC3C55F009827D1 /* ColumnBasedFlowLayout.swift */,
				3710AC3D1CBDB95A0003DB0E /* TodayViewController.xib */,
				3710AC4D1CBDBD680003DB0E /* TimeZoneCollectionViewItem.swift */,
				3710AC4E1CBDBD680003DB0E /* TimeZoneCollectionViewItem.xib */,
				37CF62091CC3A865009827D1 /* TimeZoneCollectionViewItemView.swift */,
				3710AC401CBDB95A0003DB0E /* Info.plist */,
				3710AC411CBDB95A0003DB0E /* InfoPlist.strings */,
				3710AC391CBDB95A0003DB0E /* Supporting Files */,
			);
			path = "Time Buddy Today Extension";
			sourceTree = "<group>";
		};
		3710AC391CBDB95A0003DB0E /* Supporting Files */ = {
			isa = PBXGroup;
			children = (
				3710AC3A1CBDB95A0003DB0E /* Time_Buddy_Today_Extension.entitlements */,
			);
			name = "Supporting Files";
			sourceTree = "<group>";
		};
		37FF9FA61CBBBB0F002A60C7 = {
			isa = PBXGroup;
			children = (
				37FF9FB11CBBBB10002A60C7 /* Time Buddy */,
				37FF9FC61CBBBB10002A60C7 /* Time BuddyTests */,
				37FF9FDA1CBBFFA7002A60C7 /* TimeBuddyKit */,
				37FF9FE81CBBFFA7002A60C7 /* TimeBuddyKitTests */,
				3710AC381CBDB95A0003DB0E /* Time Buddy Today Extension */,
				3710AC351CBDB95A0003DB0E /* Frameworks */,
				37FF9FB01CBBBB10002A60C7 /* Products */,
			);
			sourceTree = "<group>";
		};
		37FF9FB01CBBBB10002A60C7 /* Products */ = {
			isa = PBXGroup;
			children = (
				37FF9FAF1CBBBB10002A60C7 /* Time Buddy.app */,
				37FF9FC31CBBBB10002A60C7 /* Time BuddyTests.xctest */,
				37FF9FD91CBBFFA7002A60C7 /* TimeBuddyKit.framework */,
				37FF9FE21CBBFFA7002A60C7 /* TimeBuddyKitTests.xctest */,
				3710AC341CBDB95A0003DB0E /* Time Buddy Today Extension.appex */,
			);
			name = Products;
			sourceTree = "<group>";
		};
		37FF9FB11CBBBB10002A60C7 /* Time Buddy */ = {
			isa = PBXGroup;
			children = (
				37CF62101CC3D003009827D1 /* Time Buddy.entitlements */,
				37FF9FB21CBBBB10002A60C7 /* AppDelegate.swift */,
				37FF9FB41CBBBB10002A60C7 /* ViewController.swift */,
				37FF9FB91CBBBB10002A60C7 /* Assets.xcassets */,
				37FF9FBB1CBBBB10002A60C7 /* Main.storyboard */,
				37FF9FBE1CBBBB10002A60C7 /* Info.plist */,
				37FF9FB61CBBBB10002A60C7 /* Time_Buddy.xcdatamodeld */,
			);
			path = "Time Buddy";
			sourceTree = "<group>";
		};
		37FF9FC61CBBBB10002A60C7 /* Time BuddyTests */ = {
			isa = PBXGroup;
			children = (
				37FF9FC71CBBBB10002A60C7 /* Time_BuddyTests.swift */,
				37FF9FC91CBBBB10002A60C7 /* Info.plist */,
			);
			path = "Time BuddyTests";
			sourceTree = "<group>";
		};
		37FF9FDA1CBBFFA7002A60C7 /* TimeBuddyKit */ = {
			isa = PBXGroup;
			children = (
				37CF62111CC3F133009827D1 /* tz.json */,
				37FF9FDB1CBBFFA7002A60C7 /* TimeBuddyKit.h */,
				37FF9FDD1CBBFFA7002A60C7 /* Info.plist */,
				37FF9FFB1CBC0291002A60C7 /* TimeZoneEntry.swift */,
				37FF9FF71CBBFFB7002A60C7 /* DataController.swift */,
				37FF9FF91CBC0282002A60C7 /* InMemoryDataController.swift */,
			);
			path = TimeBuddyKit;
			sourceTree = "<group>";
		};
		37FF9FE81CBBFFA7002A60C7 /* TimeBuddyKitTests */ = {
			isa = PBXGroup;
			children = (
				37FF9FEB1CBBFFA7002A60C7 /* Info.plist */,
				3742567E1CBC0F65009AD8F3 /* InMemoryDataControllerTests.swift */,
				3710AC2E1CBDB5B00003DB0E /* LightweightTimeZoneTests.swift */,
			);
			path = TimeBuddyKitTests;
			sourceTree = "<group>";
		};
/* End PBXGroup section */

/* Begin PBXHeadersBuildPhase section */
		37FF9FD61CBBFFA7002A60C7 /* Headers */ = {
			isa = PBXHeadersBuildPhase;
			buildActionMask = 2147483647;
			files = (
				37FF9FDC1CBBFFA7002A60C7 /* TimeBuddyKit.h in Headers */,
			);
			runOnlyForDeploymentPostprocessing = 0;
		};
/* End PBXHeadersBuildPhase section */

/* Begin PBXNativeTarget section */
		3710AC331CBDB95A0003DB0E /* Time Buddy Today Extension */ = {
			isa = PBXNativeTarget;
			buildConfigurationList = 3710AC471CBDB95A0003DB0E /* Build configuration list for PBXNativeTarget "Time Buddy Today Extension" */;
			buildPhases = (
				3710AC301CBDB95A0003DB0E /* Sources */,
				3710AC311CBDB95A0003DB0E /* Frameworks */,
				3710AC321CBDB95A0003DB0E /* Resources */,
			);
			buildRules = (
			);
			dependencies = (
			);
			name = "Time Buddy Today Extension";
			productName = "Time Buddy Today Extension";
			productReference = 3710AC341CBDB95A0003DB0E /* Time Buddy Today Extension.appex */;
			productType = "com.apple.product-type.app-extension";
		};
		37FF9FAE1CBBBB10002A60C7 /* Time Buddy */ = {
			isa = PBXNativeTarget;
			buildConfigurationList = 37FF9FCC1CBBBB10002A60C7 /* Build configuration list for PBXNativeTarget "Time Buddy" */;
			buildPhases = (
				37FF9FAB1CBBBB10002A60C7 /* Sources */,
				37FF9FAC1CBBBB10002A60C7 /* Frameworks */,
				37FF9FAD1CBBBB10002A60C7 /* Resources */,
				37FF9FF31CBBFFA7002A60C7 /* Embed Frameworks */,
				3710AC4A1CBDB95A0003DB0E /* Embed App Extensions */,
			);
			buildRules = (
			);
			dependencies = (
				37FF9FED1CBBFFA7002A60C7 /* PBXTargetDependency */,
				3710AC451CBDB95A0003DB0E /* PBXTargetDependency */,
			);
			name = "Time Buddy";
			productName = "Time Buddy";
			productReference = 37FF9FAF1CBBBB10002A60C7 /* Time Buddy.app */;
			productType = "com.apple.product-type.application";
		};
		37FF9FC21CBBBB10002A60C7 /* Time BuddyTests */ = {
			isa = PBXNativeTarget;
			buildConfigurationList = 37FF9FCF1CBBBB10002A60C7 /* Build configuration list for PBXNativeTarget "Time BuddyTests" */;
			buildPhases = (
				37FF9FBF1CBBBB10002A60C7 /* Sources */,
				37FF9FC01CBBBB10002A60C7 /* Frameworks */,
				37FF9FC11CBBBB10002A60C7 /* Resources */,
			);
			buildRules = (
			);
			dependencies = (
				37FF9FC51CBBBB10002A60C7 /* PBXTargetDependency */,
			);
			name = "Time BuddyTests";
			productName = "Time BuddyTests";
			productReference = 37FF9FC31CBBBB10002A60C7 /* Time BuddyTests.xctest */;
			productType = "com.apple.product-type.bundle.unit-test";
		};
		37FF9FD81CBBFFA7002A60C7 /* TimeBuddyKit */ = {
			isa = PBXNativeTarget;
			buildConfigurationList = 37FF9FF01CBBFFA7002A60C7 /* Build configuration list for PBXNativeTarget "TimeBuddyKit" */;
			buildPhases = (
				37FF9FD41CBBFFA7002A60C7 /* Sources */,
				37FF9FD51CBBFFA7002A60C7 /* Frameworks */,
				37FF9FD61CBBFFA7002A60C7 /* Headers */,
				37FF9FD71CBBFFA7002A60C7 /* Resources */,
			);
			buildRules = (
			);
			dependencies = (
			);
			name = TimeBuddyKit;
			productName = TimeBuddyKit;
			productReference = 37FF9FD91CBBFFA7002A60C7 /* TimeBuddyKit.framework */;
			productType = "com.apple.product-type.framework";
		};
		37FF9FE11CBBFFA7002A60C7 /* TimeBuddyKitTests */ = {
			isa = PBXNativeTarget;
			buildConfigurationList = 37FF9FF41CBBFFA7002A60C7 /* Build configuration list for PBXNativeTarget "TimeBuddyKitTests" */;
			buildPhases = (
				37FF9FDE1CBBFFA7002A60C7 /* Sources */,
				37FF9FDF1CBBFFA7002A60C7 /* Frameworks */,
				37FF9FE01CBBFFA7002A60C7 /* Resources */,
			);
			buildRules = (
			);
			dependencies = (
				37FF9FE51CBBFFA7002A60C7 /* PBXTargetDependency */,
				37FF9FE71CBBFFA7002A60C7 /* PBXTargetDependency */,
			);
			name = TimeBuddyKitTests;
			productName = TimeBuddyKitTests;
			productReference = 37FF9FE21CBBFFA7002A60C7 /* TimeBuddyKitTests.xctest */;
			productType = "com.apple.product-type.bundle.unit-test";
		};
/* End PBXNativeTarget section */

/* Begin PBXProject section */
		37FF9FA71CBBBB0F002A60C7 /* Project object */ = {
			isa = PBXProject;
			attributes = {
				LastSwiftUpdateCheck = 0730;
				LastUpgradeCheck = 0730;
				ORGANIZATIONNAME = "Rocket Apps";
				TargetAttributes = {
					3710AC331CBDB95A0003DB0E = {
						CreatedOnToolsVersion = 7.3;
						DevelopmentTeam = 2GC3DM3XAQ;
					};
					37FF9FAE1CBBBB10002A60C7 = {
						CreatedOnToolsVersion = 7.3;
						DevelopmentTeam = 2GC3DM3XAQ;
						SystemCapabilities = {
							com.apple.ApplicationGroups.Mac = {
								enabled = 0;
							};
							com.apple.Sandbox = {
								enabled = 1;
							};
						};
					};
					37FF9FC21CBBBB10002A60C7 = {
						CreatedOnToolsVersion = 7.3;
						TestTargetID = 37FF9FAE1CBBBB10002A60C7;
					};
					37FF9FD81CBBFFA7002A60C7 = {
						CreatedOnToolsVersion = 7.3;
						DevelopmentTeam = 2GC3DM3XAQ;
					};
					37FF9FE11CBBFFA7002A60C7 = {
						CreatedOnToolsVersion = 7.3;
						TestTargetID = 37FF9FAE1CBBBB10002A60C7;
					};
				};
			};
			buildConfigurationList = 37FF9FAA1CBBBB0F002A60C7 /* Build configuration list for PBXProject "Time Buddy" */;
			compatibilityVersion = "Xcode 3.2";
			developmentRegion = English;
			hasScannedForEncodings = 0;
			knownRegions = (
				en,
				Base,
			);
			mainGroup = 37FF9FA61CBBBB0F002A60C7;
			productRefGroup = 37FF9FB01CBBBB10002A60C7 /* Products */;
			projectDirPath = "";
			projectRoot = "";
			targets = (
				37FF9FAE1CBBBB10002A60C7 /* Time Buddy */,
				37FF9FC21CBBBB10002A60C7 /* Time BuddyTests */,
				37FF9FD81CBBFFA7002A60C7 /* TimeBuddyKit */,
				37FF9FE11CBBFFA7002A60C7 /* TimeBuddyKitTests */,
				3710AC331CBDB95A0003DB0E /* Time Buddy Today Extension */,
			);
		};
/* End PBXProject section */

/* Begin PBXResourcesBuildPhase section */
		3710AC321CBDB95A0003DB0E /* Resources */ = {
			isa = PBXResourcesBuildPhase;
			buildActionMask = 2147483647;
			files = (
				3710AC3F1CBDB95A0003DB0E /* TodayViewController.xib in Resources */,
				3710AC431CBDB95A0003DB0E /* InfoPlist.strings in Resources */,
				3710AC501CBDBD680003DB0E /* TimeZoneCollectionViewItem.xib in Resources */,
			);
			runOnlyForDeploymentPostprocessing = 0;
		};
		37FF9FAD1CBBBB10002A60C7 /* Resources */ = {
			isa = PBXResourcesBuildPhase;
			buildActionMask = 2147483647;
			files = (
				37FF9FBA1CBBBB10002A60C7 /* Assets.xcassets in Resources */,
				37FF9FBD1CBBBB10002A60C7 /* Main.storyboard in Resources */,
			);
			runOnlyForDeploymentPostprocessing = 0;
		};
		37FF9FC11CBBBB10002A60C7 /* Resources */ = {
			isa = PBXResourcesBuildPhase;
			buildActionMask = 2147483647;
			files = (
			);
			runOnlyForDeploymentPostprocessing = 0;
		};
		37FF9FD71CBBFFA7002A60C7 /* Resources */ = {
			isa = PBXResourcesBuildPhase;
			buildActionMask = 2147483647;
			files = (
				37CF62121CC3F133009827D1 /* tz.json in Resources */,
			);
			runOnlyForDeploymentPostprocessing = 0;
		};
		37FF9FE01CBBFFA7002A60C7 /* Resources */ = {
			isa = PBXResourcesBuildPhase;
			buildActionMask = 2147483647;
			files = (
			);
			runOnlyForDeploymentPostprocessing = 0;
		};
/* End PBXResourcesBuildPhase section */

/* Begin PBXSourcesBuildPhase section */
		3710AC301CBDB95A0003DB0E /* Sources */ = {
			isa = PBXSourcesBuildPhase;
			buildActionMask = 2147483647;
			files = (
				37CF620E1CC3C55F009827D1 /* ColumnBasedFlowLayout.swift in Sources */,
				37CF620C1CC3C433009827D1 /* TodayDataSource.swift in Sources */,
				37CF620A1CC3A865009827D1 /* TimeZoneCollectionViewItemView.swift in Sources */,
				3710AC4F1CBDBD680003DB0E /* TimeZoneCollectionViewItem.swift in Sources */,
				3710AC3C1CBDB95A0003DB0E /* TodayViewController.swift in Sources */,
			);
			runOnlyForDeploymentPostprocessing = 0;
		};
		37FF9FAB1CBBBB10002A60C7 /* Sources */ = {
			isa = PBXSourcesBuildPhase;
			buildActionMask = 2147483647;
			files = (
				37FF9FB81CBBBB10002A60C7 /* Time_Buddy.xcdatamodeld in Sources */,
				37FF9FB51CBBBB10002A60C7 /* ViewController.swift in Sources */,
				37FF9FB31CBBBB10002A60C7 /* AppDelegate.swift in Sources */,
			);
			runOnlyForDeploymentPostprocessing = 0;
		};
		37FF9FBF1CBBBB10002A60C7 /* Sources */ = {
			isa = PBXSourcesBuildPhase;
			buildActionMask = 2147483647;
			files = (
				37FF9FC81CBBBB10002A60C7 /* Time_BuddyTests.swift in Sources */,
			);
			runOnlyForDeploymentPostprocessing = 0;
		};
		37FF9FD41CBBFFA7002A60C7 /* Sources */ = {
			isa = PBXSourcesBuildPhase;
			buildActionMask = 2147483647;
			files = (
				37FF9FF81CBBFFB7002A60C7 /* DataController.swift in Sources */,
				37FF9FFA1CBC0282002A60C7 /* InMemoryDataController.swift in Sources */,
				37FF9FFC1CBC0291002A60C7 /* TimeZoneEntry.swift in Sources */,
			);
			runOnlyForDeploymentPostprocessing = 0;
		};
		37FF9FDE1CBBFFA7002A60C7 /* Sources */ = {
			isa = PBXSourcesBuildPhase;
			buildActionMask = 2147483647;
			files = (
				3742567F1CBC0F65009AD8F3 /* InMemoryDataControllerTests.swift in Sources */,
				3710AC2F1CBDB5B00003DB0E /* LightweightTimeZoneTests.swift in Sources */,
			);
			runOnlyForDeploymentPostprocessing = 0;
		};
/* End PBXSourcesBuildPhase section */

/* Begin PBXTargetDependency section */
		3710AC451CBDB95A0003DB0E /* PBXTargetDependency */ = {
			isa = PBXTargetDependency;
			target = 3710AC331CBDB95A0003DB0E /* Time Buddy Today Extension */;
			targetProxy = 3710AC441CBDB95A0003DB0E /* PBXContainerItemProxy */;
		};
		37FF9FC51CBBBB10002A60C7 /* PBXTargetDependency */ = {
			isa = PBXTargetDependency;
			target = 37FF9FAE1CBBBB10002A60C7 /* Time Buddy */;
			targetProxy = 37FF9FC41CBBBB10002A60C7 /* PBXContainerItemProxy */;
		};
		37FF9FE51CBBFFA7002A60C7 /* PBXTargetDependency */ = {
			isa = PBXTargetDependency;
			target = 37FF9FD81CBBFFA7002A60C7 /* TimeBuddyKit */;
			targetProxy = 37FF9FE41CBBFFA7002A60C7 /* PBXContainerItemProxy */;
		};
		37FF9FE71CBBFFA7002A60C7 /* PBXTargetDependency */ = {
			isa = PBXTargetDependency;
			target = 37FF9FAE1CBBBB10002A60C7 /* Time Buddy */;
			targetProxy = 37FF9FE61CBBFFA7002A60C7 /* PBXContainerItemProxy */;
		};
		37FF9FED1CBBFFA7002A60C7 /* PBXTargetDependency */ = {
			isa = PBXTargetDependency;
			target = 37FF9FD81CBBFFA7002A60C7 /* TimeBuddyKit */;
			targetProxy = 37FF9FEC1CBBFFA7002A60C7 /* PBXContainerItemProxy */;
		};
/* End PBXTargetDependency section */

/* Begin PBXVariantGroup section */
		3710AC3D1CBDB95A0003DB0E /* TodayViewController.xib */ = {
			isa = PBXVariantGroup;
			children = (
				3710AC3E1CBDB95A0003DB0E /* Base */,
			);
			name = TodayViewController.xib;
			sourceTree = "<group>";
		};
		3710AC411CBDB95A0003DB0E /* InfoPlist.strings */ = {
			isa = PBXVariantGroup;
			children = (
				3710AC421CBDB95A0003DB0E /* en */,
			);
			name = InfoPlist.strings;
			sourceTree = "<group>";
		};
		37FF9FBB1CBBBB10002A60C7 /* Main.storyboard */ = {
			isa = PBXVariantGroup;
			children = (
				37FF9FBC1CBBBB10002A60C7 /* Base */,
			);
			name = Main.storyboard;
			sourceTree = "<group>";
		};
/* End PBXVariantGroup section */

/* Begin XCBuildConfiguration section */
		3710AC481CBDB95A0003DB0E /* Debug */ = {
			isa = XCBuildConfiguration;
			buildSettings = {
				CODE_SIGN_ENTITLEMENTS = "Time Buddy Today Extension/Time_Buddy_Today_Extension.entitlements";
				CODE_SIGN_IDENTITY = "Developer ID Application: Danielle Lancashire (2GC3DM3XAQ)";
				COMBINE_HIDPI_IMAGES = YES;
				INFOPLIST_FILE = "Time Buddy Today Extension/Info.plist";
				LD_RUNPATH_SEARCH_PATHS = "$(inherited) @executable_path/../Frameworks @executable_path/../../../../Frameworks";
				PRODUCT_BUNDLE_IDENTIFIER = co.rocketapps.TimeBuddy.TodayExtension;
				PRODUCT_NAME = "$(TARGET_NAME)";
				PROVISIONING_PROFILE = "";
				SKIP_INSTALL = YES;
			};
			name = Debug;
		};
		3710AC491CBDB95A0003DB0E /* Release */ = {
			isa = XCBuildConfiguration;
			buildSettings = {
				CODE_SIGN_ENTITLEMENTS = "Time Buddy Today Extension/Time_Buddy_Today_Extension.entitlements";
				CODE_SIGN_IDENTITY = "Developer ID Application: Danielle Lancashire (2GC3DM3XAQ)";
				COMBINE_HIDPI_IMAGES = YES;
				INFOPLIST_FILE = "Time Buddy Today Extension/Info.plist";
				LD_RUNPATH_SEARCH_PATHS = "$(inherited) @executable_path/../Frameworks @executable_path/../../../../Frameworks";
				PRODUCT_BUNDLE_IDENTIFIER = co.rocketapps.TimeBuddy.TodayExtension;
				PRODUCT_NAME = "$(TARGET_NAME)";
				PROVISIONING_PROFILE = "";
				SKIP_INSTALL = YES;
			};
			name = Release;
		};
		37FF9FCA1CBBBB10002A60C7 /* Debug */ = {
			isa = XCBuildConfiguration;
			buildSettings = {
				ALWAYS_SEARCH_USER_PATHS = NO;
				CLANG_ANALYZER_NONNULL = YES;
				CLANG_CXX_LANGUAGE_STANDARD = "gnu++0x";
				CLANG_CXX_LIBRARY = "libc++";
				CLANG_ENABLE_MODULES = YES;
				CLANG_ENABLE_OBJC_ARC = YES;
				CLANG_WARN_BOOL_CONVERSION = YES;
				CLANG_WARN_CONSTANT_CONVERSION = YES;
				CLANG_WARN_DIRECT_OBJC_ISA_USAGE = YES_ERROR;
				CLANG_WARN_EMPTY_BODY = YES;
				CLANG_WARN_ENUM_CONVERSION = YES;
				CLANG_WARN_INT_CONVERSION = YES;
				CLANG_WARN_OBJC_ROOT_CLASS = YES_ERROR;
				CLANG_WARN_UNREACHABLE_CODE = YES;
				CLANG_WARN__DUPLICATE_METHOD_MATCH = YES;
				CODE_SIGN_IDENTITY = "-";
				COPY_PHASE_STRIP = NO;
				DEBUG_INFORMATION_FORMAT = dwarf;
				ENABLE_STRICT_OBJC_MSGSEND = YES;
				ENABLE_TESTABILITY = YES;
				GCC_C_LANGUAGE_STANDARD = gnu99;
				GCC_DYNAMIC_NO_PIC = NO;
				GCC_NO_COMMON_BLOCKS = YES;
				GCC_OPTIMIZATION_LEVEL = 0;
				GCC_PREPROCESSOR_DEFINITIONS = (
					"DEBUG=1",
					"$(inherited)",
				);
				GCC_WARN_64_TO_32_BIT_CONVERSION = YES;
				GCC_WARN_ABOUT_RETURN_TYPE = YES_ERROR;
				GCC_WARN_UNDECLARED_SELECTOR = YES;
				GCC_WARN_UNINITIALIZED_AUTOS = YES_AGGRESSIVE;
				GCC_WARN_UNUSED_FUNCTION = YES;
				GCC_WARN_UNUSED_VARIABLE = YES;
				MACOSX_DEPLOYMENT_TARGET = 10.11;
				MTL_ENABLE_DEBUG_INFO = YES;
				ONLY_ACTIVE_ARCH = YES;
				SDKROOT = macosx;
				SWIFT_OPTIMIZATION_LEVEL = "-Onone";
			};
			name = Debug;
		};
		37FF9FCB1CBBBB10002A60C7 /* Release */ = {
			isa = XCBuildConfiguration;
			buildSettings = {
				ALWAYS_SEARCH_USER_PATHS = NO;
				CLANG_ANALYZER_NONNULL = YES;
				CLANG_CXX_LANGUAGE_STANDARD = "gnu++0x";
				CLANG_CXX_LIBRARY = "libc++";
				CLANG_ENABLE_MODULES = YES;
				CLANG_ENABLE_OBJC_ARC = YES;
				CLANG_WARN_BOOL_CONVERSION = YES;
				CLANG_WARN_CONSTANT_CONVERSION = YES;
				CLANG_WARN_DIRECT_OBJC_ISA_USAGE = YES_ERROR;
				CLANG_WARN_EMPTY_BODY = YES;
				CLANG_WARN_ENUM_CONVERSION = YES;
				CLANG_WARN_INT_CONVERSION = YES;
				CLANG_WARN_OBJC_ROOT_CLASS = YES_ERROR;
				CLANG_WARN_UNREACHABLE_CODE = YES;
				CLANG_WARN__DUPLICATE_METHOD_MATCH = YES;
				CODE_SIGN_IDENTITY = "-";
				COPY_PHASE_STRIP = NO;
				DEBUG_INFORMATION_FORMAT = "dwarf-with-dsym";
				ENABLE_NS_ASSERTIONS = NO;
				ENABLE_STRICT_OBJC_MSGSEND = YES;
				GCC_C_LANGUAGE_STANDARD = gnu99;
				GCC_NO_COMMON_BLOCKS = YES;
				GCC_WARN_64_TO_32_BIT_CONVERSION = YES;
				GCC_WARN_ABOUT_RETURN_TYPE = YES_ERROR;
				GCC_WARN_UNDECLARED_SELECTOR = YES;
				GCC_WARN_UNINITIALIZED_AUTOS = YES_AGGRESSIVE;
				GCC_WARN_UNUSED_FUNCTION = YES;
				GCC_WARN_UNUSED_VARIABLE = YES;
				MACOSX_DEPLOYMENT_TARGET = 10.11;
				MTL_ENABLE_DEBUG_INFO = NO;
				SDKROOT = macosx;
			};
			name = Release;
		};
		37FF9FCD1CBBBB10002A60C7 /* Debug */ = {
			isa = XCBuildConfiguration;
			buildSettings = {
				ASSETCATALOG_COMPILER_APPICON_NAME = AppIcon;
				CODE_SIGN_ENTITLEMENTS = "Time Buddy/Time Buddy.entitlements";
				CODE_SIGN_IDENTITY = "Developer ID Application: Danielle Lancashire (2GC3DM3XAQ)";
				COMBINE_HIDPI_IMAGES = YES;
				EMBEDDED_CONTENT_CONTAINS_SWIFT = YES;
				INFOPLIST_FILE = "Time Buddy/Info.plist";
				LD_RUNPATH_SEARCH_PATHS = "$(inherited) @executable_path/../Frameworks";
				PRODUCT_BUNDLE_IDENTIFIER = co.rocketapps.TimeBuddy;
				PRODUCT_NAME = "$(TARGET_NAME)";
				PROVISIONING_PROFILE = "";
			};
			name = Debug;
		};
		37FF9FCE1CBBBB10002A60C7 /* Release */ = {
			isa = XCBuildConfiguration;
			buildSettings = {
				ASSETCATALOG_COMPILER_APPICON_NAME = AppIcon;
				CODE_SIGN_ENTITLEMENTS = "Time Buddy/Time Buddy.entitlements";
				CODE_SIGN_IDENTITY = "Developer ID Application: Danielle Lancashire (2GC3DM3XAQ)";
				COMBINE_HIDPI_IMAGES = YES;
				EMBEDDED_CONTENT_CONTAINS_SWIFT = YES;
				INFOPLIST_FILE = "Time Buddy/Info.plist";
				LD_RUNPATH_SEARCH_PATHS = "$(inherited) @executable_path/../Frameworks";
				PRODUCT_BUNDLE_IDENTIFIER = co.rocketapps.TimeBuddy;
				PRODUCT_NAME = "$(TARGET_NAME)";
				PROVISIONING_PROFILE = "";
			};
			name = Release;
		};
		37FF9FD01CBBBB10002A60C7 /* Debug */ = {
			isa = XCBuildConfiguration;
			buildSettings = {
				BUNDLE_LOADER = "$(TEST_HOST)";
				COMBINE_HIDPI_IMAGES = YES;
				INFOPLIST_FILE = "Time BuddyTests/Info.plist";
				LD_RUNPATH_SEARCH_PATHS = "$(inherited) @executable_path/../Frameworks @loader_path/../Frameworks";
				PRODUCT_BUNDLE_IDENTIFIER = "co.rocketapps.Time-BuddyTests";
				PRODUCT_NAME = "$(TARGET_NAME)";
				TEST_HOST = "$(BUILT_PRODUCTS_DIR)/Time Buddy.app/Contents/MacOS/Time Buddy";
			};
			name = Debug;
		};
		37FF9FD11CBBBB10002A60C7 /* Release */ = {
			isa = XCBuildConfiguration;
			buildSettings = {
				BUNDLE_LOADER = "$(TEST_HOST)";
				COMBINE_HIDPI_IMAGES = YES;
				INFOPLIST_FILE = "Time BuddyTests/Info.plist";
				LD_RUNPATH_SEARCH_PATHS = "$(inherited) @executable_path/../Frameworks @loader_path/../Frameworks";
				PRODUCT_BUNDLE_IDENTIFIER = "co.rocketapps.Time-BuddyTests";
				PRODUCT_NAME = "$(TARGET_NAME)";
				TEST_HOST = "$(BUILT_PRODUCTS_DIR)/Time Buddy.app/Contents/MacOS/Time Buddy";
			};
			name = Release;
		};
		37FF9FF11CBBFFA7002A60C7 /* Debug */ = {
			isa = XCBuildConfiguration;
			buildSettings = {
				APPLICATION_EXTENSION_API_ONLY = YES;
				CLANG_ENABLE_MODULES = YES;
				CODE_SIGN_IDENTITY = "Developer ID Application: Danielle Lancashire (2GC3DM3XAQ)";
				COMBINE_HIDPI_IMAGES = YES;
				CURRENT_PROJECT_VERSION = 1;
				DEFINES_MODULE = YES;
				DYLIB_COMPATIBILITY_VERSION = 1;
				DYLIB_CURRENT_VERSION = 1;
				DYLIB_INSTALL_NAME_BASE = "@rpath";
				FRAMEWORK_VERSION = A;
				INFOPLIST_FILE = TimeBuddyKit/Info.plist;
				INSTALL_PATH = "$(LOCAL_LIBRARY_DIR)/Frameworks";
				LD_RUNPATH_SEARCH_PATHS = "$(inherited) @executable_path/../Frameworks @loader_path/Frameworks";
				PRODUCT_BUNDLE_IDENTIFIER = co.rocketapps.TimeBuddy.Kit;
				PRODUCT_NAME = "$(TARGET_NAME)";
				PROVISIONING_PROFILE = "";
				SKIP_INSTALL = YES;
				SWIFT_OPTIMIZATION_LEVEL = "-Onone";
				VERSIONING_SYSTEM = "apple-generic";
				VERSION_INFO_PREFIX = "";
			};
			name = Debug;
		};
		37FF9FF21CBBFFA7002A60C7 /* Release */ = {
			isa = XCBuildConfiguration;
			buildSettings = {
				APPLICATION_EXTENSION_API_ONLY = YES;
				CLANG_ENABLE_MODULES = YES;
				CODE_SIGN_IDENTITY = "Developer ID Application: Danielle Lancashire (2GC3DM3XAQ)";
				COMBINE_HIDPI_IMAGES = YES;
				CURRENT_PROJECT_VERSION = 1;
				DEFINES_MODULE = YES;
				DYLIB_COMPATIBILITY_VERSION = 1;
				DYLIB_CURRENT_VERSION = 1;
				DYLIB_INSTALL_NAME_BASE = "@rpath";
				FRAMEWORK_VERSION = A;
				INFOPLIST_FILE = TimeBuddyKit/Info.plist;
				INSTALL_PATH = "$(LOCAL_LIBRARY_DIR)/Frameworks";
				LD_RUNPATH_SEARCH_PATHS = "$(inherited) @executable_path/../Frameworks @loader_path/Frameworks";
				PRODUCT_BUNDLE_IDENTIFIER = co.rocketapps.TimeBuddy.Kit;
				PRODUCT_NAME = "$(TARGET_NAME)";
				PROVISIONING_PROFILE = "";
				SKIP_INSTALL = YES;
				VERSIONING_SYSTEM = "apple-generic";
				VERSION_INFO_PREFIX = "";
			};
			name = Release;
		};
		37FF9FF51CBBFFA7002A60C7 /* Debug */ = {
			isa = XCBuildConfiguration;
			buildSettings = {
				COMBINE_HIDPI_IMAGES = YES;
				INFOPLIST_FILE = TimeBuddyKitTests/Info.plist;
				LD_RUNPATH_SEARCH_PATHS = "$(inherited) @executable_path/../Frameworks @loader_path/../Frameworks";
				PRODUCT_BUNDLE_IDENTIFIER = co.rocketapps.TimeBuddyKitTests;
				PRODUCT_NAME = "$(TARGET_NAME)";
				PROVISIONING_PROFILE = "";
				TEST_HOST = "$(BUILT_PRODUCTS_DIR)/Time Buddy.app/Contents/MacOS/Time Buddy";
			};
			name = Debug;
		};
		37FF9FF61CBBFFA7002A60C7 /* Release */ = {
			isa = XCBuildConfiguration;
			buildSettings = {
				COMBINE_HIDPI_IMAGES = YES;
				INFOPLIST_FILE = TimeBuddyKitTests/Info.plist;
				LD_RUNPATH_SEARCH_PATHS = "$(inherited) @executable_path/../Frameworks @loader_path/../Frameworks";
				PRODUCT_BUNDLE_IDENTIFIER = co.rocketapps.TimeBuddyKitTests;
				PRODUCT_NAME = "$(TARGET_NAME)";
				PROVISIONING_PROFILE = "";
				TEST_HOST = "$(BUILT_PRODUCTS_DIR)/Time Buddy.app/Contents/MacOS/Time Buddy";
			};
			name = Release;
		};
/* End XCBuildConfiguration section */

/* Begin XCConfigurationList section */
		3710AC471CBDB95A0003DB0E /* Build configuration list for PBXNativeTarget "Time Buddy Today Extension" */ = {
			isa = XCConfigurationList;
			buildConfigurations = (
				3710AC481CBDB95A0003DB0E /* Debug */,
				3710AC491CBDB95A0003DB0E /* Release */,
			);
			defaultConfigurationIsVisible = 0;
			defaultConfigurationName = Release;
		};
		37FF9FAA1CBBBB0F002A60C7 /* Build configuration list for PBXProject "Time Buddy" */ = {
			isa = XCConfigurationList;
			buildConfigurations = (
				37FF9FCA1CBBBB10002A60C7 /* Debug */,
				37FF9FCB1CBBBB10002A60C7 /* Release */,
			);
			defaultConfigurationIsVisible = 0;
			defaultConfigurationName = Release;
		};
		37FF9FCC1CBBBB10002A60C7 /* Build configuration list for PBXNativeTarget "Time Buddy" */ = {
			isa = XCConfigurationList;
			buildConfigurations = (
				37FF9FCD1CBBBB10002A60C7 /* Debug */,
				37FF9FCE1CBBBB10002A60C7 /* Release */,
			);
			defaultConfigurationIsVisible = 0;
			defaultConfigurationName = Release;
		};
		37FF9FCF1CBBBB10002A60C7 /* Build configuration list for PBXNativeTarget "Time BuddyTests" */ = {
			isa = XCConfigurationList;
			buildConfigurations = (
				37FF9FD01CBBBB10002A60C7 /* Debug */,
				37FF9FD11CBBBB10002A60C7 /* Release */,
			);
			defaultConfigurationIsVisible = 0;
			defaultConfigurationName = Release;
		};
		37FF9FF01CBBFFA7002A60C7 /* Build configuration list for PBXNativeTarget "TimeBuddyKit" */ = {
			isa = XCConfigurationList;
			buildConfigurations = (
				37FF9FF11CBBFFA7002A60C7 /* Debug */,
				37FF9FF21CBBFFA7002A60C7 /* Release */,
			);
			defaultConfigurationIsVisible = 0;
			defaultConfigurationName = Release;
		};
		37FF9FF41CBBFFA7002A60C7 /* Build configuration list for PBXNativeTarget "TimeBuddyKitTests" */ = {
			isa = XCConfigurationList;
			buildConfigurations = (
				37FF9FF51CBBFFA7002A60C7 /* Debug */,
				37FF9FF61CBBFFA7002A60C7 /* Release */,
			);
			defaultConfigurationIsVisible = 0;
			defaultConfigurationName = Release;
		};
/* End XCConfigurationList section */

/* Begin XCVersionGroup section */
		37FF9FB61CBBBB10002A60C7 /* Time_Buddy.xcdatamodeld */ = {
			isa = XCVersionGroup;
			children = (
				37FF9FB71CBBBB10002A60C7 /* Time_Buddy.xcdatamodel */,
			);
			currentVersion = 37FF9FB71CBBBB10002A60C7 /* Time_Buddy.xcdatamodel */;
			path = Time_Buddy.xcdatamodeld;
			sourceTree = "<group>";
			versionGroupType = wrapper.xcdatamodel;
		};
/* End XCVersionGroup section */
	};
	rootObject = 37FF9FA71CBBBB0F002A60C7 /* Project object */;
}
